<Solution>
  <Project Path="IdeaCollectionSystem.ApplicationCore/IdeaCollectionSystem.ApplicationCore.csproj" Id="9fb5ade5-42e6-41ed-b156-5efe6cc7e0af" />
  <Project Path="IdeaCollectionSystem.Common/IdeaCollectionSystem.Common.csproj" Id="1d84383d-d75b-49d9-be54-b86d987fab89" />
  <Project Path="IdeaCollectionSystem.Datalayer/IdeaCollectionSystem.Datalayer.csproj" Id="7f08990f-199b-49c2-b751-4aab7af42673" />
  <Project Path="IdeaCollectionSystem.MVC/IdeaCollectionSystem.MVC.csproj" />
</Solution>
